
Microsoft Visual Studio Solution File, Format Version 12.00
# Visual Studio 15
VisualStudioVersion = 15.0.28307.539
MinimumVisualStudioVersion = 10.0.40219.1
Project("{9A19103F-16F7-4668-BE54-9A1E7A4F7556}") = "Fikra.API", "Fikra.API\Fikra.API.csproj", "{8ED7EB74-1926-4430-A5E8-7CB1B424DCDB}"
EndProject
Project("{9A19103F-16F7-4668-BE54-9A1E7A4F7556}") = "Fikra.Ng", "Fikra.Ng\Fikra.Ng.csproj", "{4D1C460E-9E3D-4542-A92B-1813151997EB}"
EndProject
Project("{9A19103F-16F7-4668-BE54-9A1E7A4F7556}") = "Fikra.Model", "Fikra.Model\Fikra.Model.csproj", "{CC0FDE68-9946-4D8E-AA51-8A5C0311AB64}"
EndProject
Project("{9A19103F-16F7-4668-BE54-9A1E7A4F7556}") = "Fikra.DAL", "Fikra.DAL\Fikra.DAL.csproj", "{8AAFB341-90E6-4BC7-AD70-6BEB283951F4}"
EndProject
Project("{9A19103F-16F7-4668-BE54-9A1E7A4F7556}") = "Fikra.POCS.EF.API", "POCS\EF\Fikra.POCS.EF.API\Fikra.POCS.EF.API.csproj", "{20EDD71A-0BEC-4801-831D-273DF0CFFAA3}"
EndProject
Project("{9A19103F-16F7-4668-BE54-9A1E7A4F7556}") = "Fikra.Common", "Fikra.Common\Fikra.Common.csproj", "{29BB2D2C-63D7-499C-8B06-05B613AE5D79}"
EndProject
Project("{9A19103F-16F7-4668-BE54-9A1E7A4F7556}") = "Fikra.API.UnitTests", "Fikra.API.UnitTests\Fikra.API.UnitTests.csproj", "{B4B9A90C-6908-4DDC-B70B-256ED6CA58B0}"
EndProject
Project("{9A19103F-16F7-4668-BE54-9A1E7A4F7556}") = "Fikra.API.IntegrationTests", "Fikra.API.IntegrationTests\Fikra.API.IntegrationTests.csproj", "{BB14EF50-7D6D-408A-9C47-947243C6426A}"
EndProject
Project("{9A19103F-16F7-4668-BE54-9A1E7A4F7556}") = "SBHLib.Extensions", "..\SBHLib\SBHLib\SBHLib.Extensions\SBHLib.Extensions.csproj", "{BBE906F9-C46A-4E97-988F-49FC3C496B99}"
EndProject
Project("{FAE04EC0-301F-11D3-BF4B-00C04F79EFBC}") = "Fikra.DAL.UnitTests", "Fikra.DAL.UnitTests\Fikra.DAL.UnitTests.csproj", "{6DF7C00F-9C29-4072-965F-D643B373ADC7}"
EndProject
Global
	GlobalSection(SolutionConfigurationPlatforms) = preSolution
		Debug|Any CPU = Debug|Any CPU
		Release|Any CPU = Release|Any CPU
	EndGlobalSection
	GlobalSection(ProjectConfigurationPlatforms) = postSolution
		{8ED7EB74-1926-4430-A5E8-7CB1B424DCDB}.Debug|Any CPU.ActiveCfg = Debug|Any CPU
		{8ED7EB74-1926-4430-A5E8-7CB1B424DCDB}.Debug|Any CPU.Build.0 = Debug|Any CPU
		{8ED7EB74-1926-4430-A5E8-7CB1B424DCDB}.Release|Any CPU.ActiveCfg = Release|Any CPU
		{8ED7EB74-1926-4430-A5E8-7CB1B424DCDB}.Release|Any CPU.Build.0 = Release|Any CPU
		{4D1C460E-9E3D-4542-A92B-1813151997EB}.Debug|Any CPU.ActiveCfg = Debug|Any CPU
		{4D1C460E-9E3D-4542-A92B-1813151997EB}.Debug|Any CPU.Build.0 = Debug|Any CPU
		{4D1C460E-9E3D-4542-A92B-1813151997EB}.Release|Any CPU.ActiveCfg = Release|Any CPU
		{4D1C460E-9E3D-4542-A92B-1813151997EB}.Release|Any CPU.Build.0 = Release|Any CPU
		{CC0FDE68-9946-4D8E-AA51-8A5C0311AB64}.Debug|Any CPU.ActiveCfg = Debug|Any CPU
		{CC0FDE68-9946-4D8E-AA51-8A5C0311AB64}.Debug|Any CPU.Build.0 = Debug|Any CPU
		{CC0FDE68-9946-4D8E-AA51-8A5C0311AB64}.Release|Any CPU.ActiveCfg = Release|Any CPU
		{CC0FDE68-9946-4D8E-AA51-8A5C0311AB64}.Release|Any CPU.Build.0 = Release|Any CPU
		{8AAFB341-90E6-4BC7-AD70-6BEB283951F4}.Debug|Any CPU.ActiveCfg = Debug|Any CPU
		{8AAFB341-90E6-4BC7-AD70-6BEB283951F4}.Debug|Any CPU.Build.0 = Debug|Any CPU
		{8AAFB341-90E6-4BC7-AD70-6BEB283951F4}.Release|Any CPU.ActiveCfg = Release|Any CPU
		{8AAFB341-90E6-4BC7-AD70-6BEB283951F4}.Release|Any CPU.Build.0 = Release|Any CPU
		{20EDD71A-0BEC-4801-831D-273DF0CFFAA3}.Debug|Any CPU.ActiveCfg = Debug|Any CPU
		{20EDD71A-0BEC-4801-831D-273DF0CFFAA3}.Debug|Any CPU.Build.0 = Debug|Any CPU
		{20EDD71A-0BEC-4801-831D-273DF0CFFAA3}.Release|Any CPU.ActiveCfg = Release|Any CPU
		{20EDD71A-0BEC-4801-831D-273DF0CFFAA3}.Release|Any CPU.Build.0 = Release|Any CPU
		{29BB2D2C-63D7-499C-8B06-05B613AE5D79}.Debug|Any CPU.ActiveCfg = Debug|Any CPU
		{29BB2D2C-63D7-499C-8B06-05B613AE5D79}.Debug|Any CPU.Build.0 = Debug|Any CPU
		{29BB2D2C-63D7-499C-8B06-05B613AE5D79}.Release|Any CPU.ActiveCfg = Release|Any CPU
		{29BB2D2C-63D7-499C-8B06-05B613AE5D79}.Release|Any CPU.Build.0 = Release|Any CPU
		{B4B9A90C-6908-4DDC-B70B-256ED6CA58B0}.Debug|Any CPU.ActiveCfg = Debug|Any CPU
		{B4B9A90C-6908-4DDC-B70B-256ED6CA58B0}.Debug|Any CPU.Build.0 = Debug|Any CPU
		{B4B9A90C-6908-4DDC-B70B-256ED6CA58B0}.Release|Any CPU.ActiveCfg = Release|Any CPU
		{B4B9A90C-6908-4DDC-B70B-256ED6CA58B0}.Release|Any CPU.Build.0 = Release|Any CPU
		{BB14EF50-7D6D-408A-9C47-947243C6426A}.Debug|Any CPU.ActiveCfg = Debug|Any CPU
		{BB14EF50-7D6D-408A-9C47-947243C6426A}.Debug|Any CPU.Build.0 = Debug|Any CPU
		{BB14EF50-7D6D-408A-9C47-947243C6426A}.Release|Any CPU.ActiveCfg = Release|Any CPU
		{BB14EF50-7D6D-408A-9C47-947243C6426A}.Release|Any CPU.Build.0 = Release|Any CPU
		{BBE906F9-C46A-4E97-988F-49FC3C496B99}.Debug|Any CPU.ActiveCfg = Debug|Any CPU
		{BBE906F9-C46A-4E97-988F-49FC3C496B99}.Debug|Any CPU.Build.0 = Debug|Any CPU
		{BBE906F9-C46A-4E97-988F-49FC3C496B99}.Release|Any CPU.ActiveCfg = Release|Any CPU
		{BBE906F9-C46A-4E97-988F-49FC3C496B99}.Release|Any CPU.Build.0 = Release|Any CPU
		{6DF7C00F-9C29-4072-965F-D643B373ADC7}.Debug|Any CPU.ActiveCfg = Debug|Any CPU
		{6DF7C00F-9C29-4072-965F-D643B373ADC7}.Debug|Any CPU.Build.0 = Debug|Any CPU
		{6DF7C00F-9C29-4072-965F-D643B373ADC7}.Release|Any CPU.ActiveCfg = Release|Any CPU
		{6DF7C00F-9C29-4072-965F-D643B373ADC7}.Release|Any CPU.Build.0 = Release|Any CPU
	EndGlobalSection
	GlobalSection(SolutionProperties) = preSolution
		HideSolutionNode = FALSE
	EndGlobalSection
	GlobalSection(ExtensibilityGlobals) = postSolution
		SolutionGuid = {E05FD2C0-C718-43EE-A165-81F6BCCEA7C7}
	EndGlobalSection
EndGlobal
